
Microsoft Visual Studio Solution File, Format Version 12.00
# Visual Studio 14
VisualStudioVersion = 14.0.25420.1
MinimumVisualStudioVersion = 10.0.40219.1
Project("{FAE04EC0-301F-11D3-BF4B-00C04F79EFBC}") = "TelnetCalc.Server", "TelnetCalc.Server\TelnetCalc.Server.csproj", "{FA8655B0-A535-4CE3-94E6-A0BAEA539AFA}"
EndProject
Project("{FAE04EC0-301F-11D3-BF4B-00C04F79EFBC}") = "TelnetCalc.Client", "TelnetCalc.Client\TelnetCalc.Client.csproj", "{DE76C00D-BCFA-4473-85DB-23ED15550965}"
EndProject
Global
	GlobalSection(SolutionConfigurationPlatforms) = preSolution
		Debug|Any CPU = Debug|Any CPU
		Release|Any CPU = Release|Any CPU
	EndGlobalSection
	GlobalSection(ProjectConfigurationPlatforms) = postSolution
		{FA8655B0-A535-4CE3-94E6-A0BAEA539AFA}.Debug|Any CPU.ActiveCfg = Debug|Any CPU
		{FA8655B0-A535-4CE3-94E6-A0BAEA539AFA}.Debug|Any CPU.Build.0 = Debug|Any CPU
		{FA8655B0-A535-4CE3-94E6-A0BAEA539AFA}.Release|Any CPU.ActiveCfg = Release|Any CPU
		{FA8655B0-A535-4CE3-94E6-A0BAEA539AFA}.Release|Any CPU.Build.0 = Release|Any CPU
		{DE76C00D-BCFA-4473-85DB-23ED15550965}.Debug|Any CPU.ActiveCfg = Debug|Any CPU
		{DE76C00D-BCFA-4473-85DB-23ED15550965}.Debug|Any CPU.Build.0 = Debug|Any CPU
		{DE76C00D-BCFA-4473-85DB-23ED15550965}.Release|Any CPU.ActiveCfg = Release|Any CPU
		{DE76C00D-BCFA-4473-85DB-23ED15550965}.Release|Any CPU.Build.0 = Release|Any CPU
	EndGlobalSection
	GlobalSection(SolutionProperties) = preSolution
		HideSolutionNode = FALSE
	EndGlobalSection
	GlobalSection(ExtensibilityGlobals) = postSolution
		SolutionGuid = {86BE9321-156C-460B-BF85-70C6B02FD59F}
	EndGlobalSection
EndGlobal
